{
  "name": "Kraken_Cypress_Ghost",
  "lockfileVersion": 2,
  "requires": true,
  "packages": {
    "": {
      "devDependencies": {
        "@faker-js/faker": "^6.3.1"
      }
    },
    "node_modules/@faker-js/faker": {
      "version": "6.3.1",
      "resolved": "https://registry.npmjs.org/@faker-js/faker/-/faker-6.3.1.tgz",
      "integrity": "sha512-8YXBE2ZcU/pImVOHX7MWrSR/X5up7t6rPWZlk34RwZEcdr3ua6X+32pSd6XuOQRN+vbuvYNfA6iey8NbrjuMFQ==",
      "dev": true,
      "engines": {
        "node": ">=14.0.0",
        "npm": ">=6.0.0"
      }
    }
  },
  "dependencies": {
    "@faker-js/faker": {
      "version": "6.3.1",
      "resolved": "https://registry.npmjs.org/@faker-js/faker/-/faker-6.3.1.tgz",
      "integrity": "sha512-8YXBE2ZcU/pImVOHX7MWrSR/X5up7t6rPWZlk34RwZEcdr3ua6X+32pSd6XuOQRN+vbuvYNfA6iey8NbrjuMFQ==",
      "dev": true
    }
  }
}
