{
  "name": "Kraken_Cypress_Ghost",
  "lockfileVersion": 2,
  "requires": true,
  "packages": {
    "": {
      "devDependencies": {
        "@faker-js/faker": "^6.3.1",
        "cypress-xpath": "^1.6.2"
      }
    },
    "node_modules/@faker-js/faker": {
      "version": "6.3.1",
      "resolved": "https://registry.npmjs.org/@faker-js/faker/-/faker-6.3.1.tgz",
      "integrity": "sha512-8YXBE2ZcU/pImVOHX7MWrSR/X5up7t6rPWZlk34RwZEcdr3ua6X+32pSd6XuOQRN+vbuvYNfA6iey8NbrjuMFQ==",
      "dev": true,
      "engines": {
        "node": ">=14.0.0",
        "npm": ">=6.0.0"
      }
    },
    "node_modules/cypress-xpath": {
      "version": "1.6.2",
      "resolved": "https://registry.npmjs.org/cypress-xpath/-/cypress-xpath-1.6.2.tgz",
      "integrity": "sha512-mtwJPl840GQPGtb480fKR5vDIcijBHhAVwby5/AIPIT/UVT7UJhM2L42/R+venR7N01I0PoOJErb6UiMbCyUxg==",
      "dev": true
    }
  },
  "dependencies": {
    "@faker-js/faker": {
      "version": "6.3.1",
      "resolved": "https://registry.npmjs.org/@faker-js/faker/-/faker-6.3.1.tgz",
      "integrity": "sha512-8YXBE2ZcU/pImVOHX7MWrSR/X5up7t6rPWZlk34RwZEcdr3ua6X+32pSd6XuOQRN+vbuvYNfA6iey8NbrjuMFQ==",
      "dev": true
    },
    "cypress-xpath": {
      "version": "1.6.2",
      "resolved": "https://registry.npmjs.org/cypress-xpath/-/cypress-xpath-1.6.2.tgz",
      "integrity": "sha512-mtwJPl840GQPGtb480fKR5vDIcijBHhAVwby5/AIPIT/UVT7UJhM2L42/R+venR7N01I0PoOJErb6UiMbCyUxg==",
      "dev": true
    }
  }
}
